
Microsoft Visual Studio Solution File, Format Version 12.00
# Visual Studio Version 17
VisualStudioVersion = 17.5.002.0
MinimumVisualStudioVersion = 10.0.40219.1
Project("{9A19103F-16F7-4668-BE54-9A1E7A4F7556}") = "FlashQuizzz.TEST", "FlashQuizzz.TEST\FlashQuizzz.TEST.csproj", "{9423F8C0-E6E2-4934-804C-B0C1F975FD3C}"
EndProject
Project("{9A19103F-16F7-4668-BE54-9A1E7A4F7556}") = "FlashQuizzz.API", "FlashQuizzz.API\FlashQuizzz.API.csproj", "{0240AE4F-F255-42BE-BA1A-AD0AE4B3C1AF}"
EndProject
Global
	GlobalSection(SolutionConfigurationPlatforms) = preSolution
		Debug|Any CPU = Debug|Any CPU
		Release|Any CPU = Release|Any CPU
	EndGlobalSection
	GlobalSection(ProjectConfigurationPlatforms) = postSolution
		{9423F8C0-E6E2-4934-804C-B0C1F975FD3C}.Debug|Any CPU.ActiveCfg = Debug|Any CPU
		{9423F8C0-E6E2-4934-804C-B0C1F975FD3C}.Debug|Any CPU.Build.0 = Debug|Any CPU
		{9423F8C0-E6E2-4934-804C-B0C1F975FD3C}.Release|Any CPU.ActiveCfg = Release|Any CPU
		{9423F8C0-E6E2-4934-804C-B0C1F975FD3C}.Release|Any CPU.Build.0 = Release|Any CPU
		{0240AE4F-F255-42BE-BA1A-AD0AE4B3C1AF}.Debug|Any CPU.ActiveCfg = Debug|Any CPU
		{0240AE4F-F255-42BE-BA1A-AD0AE4B3C1AF}.Debug|Any CPU.Build.0 = Debug|Any CPU
		{0240AE4F-F255-42BE-BA1A-AD0AE4B3C1AF}.Release|Any CPU.ActiveCfg = Release|Any CPU
		{0240AE4F-F255-42BE-BA1A-AD0AE4B3C1AF}.Release|Any CPU.Build.0 = Release|Any CPU
	EndGlobalSection
	GlobalSection(SolutionProperties) = preSolution
		HideSolutionNode = FALSE
	EndGlobalSection
	GlobalSection(ExtensibilityGlobals) = postSolution
		SolutionGuid = {5B32AFF5-E8E0-43E9-AF41-79B7EB221933}
	EndGlobalSection
EndGlobal
